
Microsoft Visual Studio Solution File, Format Version 12.00
# Visual Studio Version 17
VisualStudioVersion = 17.11.35303.130
MinimumVisualStudioVersion = 10.0.40219.1
Project("{9A19103F-16F7-4668-BE54-9A1E7A4F7556}") = "TravelOrganization", "TravelOrganization\TravelOrganization.csproj", "{47ABE34E-ED22-49E0-9BD1-A93333B49D5D}"
EndProject
Global
	GlobalSection(SolutionConfigurationPlatforms) = preSolution
		Debug|Any CPU = Debug|Any CPU
		Release|Any CPU = Release|Any CPU
	EndGlobalSection
	GlobalSection(ProjectConfigurationPlatforms) = postSolution
		{47ABE34E-ED22-49E0-9BD1-A93333B49D5D}.Debug|Any CPU.ActiveCfg = Debug|Any CPU
		{47ABE34E-ED22-49E0-9BD1-A93333B49D5D}.Debug|Any CPU.Build.0 = Debug|Any CPU
		{47ABE34E-ED22-49E0-9BD1-A93333B49D5D}.Release|Any CPU.ActiveCfg = Release|Any CPU
		{47ABE34E-ED22-49E0-9BD1-A93333B49D5D}.Release|Any CPU.Build.0 = Release|Any CPU
	EndGlobalSection
	GlobalSection(SolutionProperties) = preSolution
		HideSolutionNode = FALSE
	EndGlobalSection
	GlobalSection(ExtensibilityGlobals) = postSolution
		SolutionGuid = {19054758-287B-40DD-9981-9E40FF2ADFE8}
	EndGlobalSection
EndGlobal
